// !$*UTF8*$!
{
	archiveVersion = 1;
	classes = {
	};
	objectVersion = 46;
	objects = {

/* Begin PBXBuildFile section */
		DF46FA3E1A9CC3C500298762 /* main.m in Sources */ = {isa = PBXBuildFile; fileRef = DF46FA3D1A9CC3C500298762 /* main.m */; };
		DF46FA411A9CC3C500298762 /* AppDelegate.m in Sources */ = {isa = PBXBuildFile; fileRef = DF46FA401A9CC3C500298762 /* AppDelegate.m */; };
		DF46FA471A9CC3C500298762 /* Main.storyboard in Resources */ = {isa = PBXBuildFile; fileRef = DF46FA451A9CC3C500298762 /* Main.storyboard */; };
		DF46FA491A9CC3C500298762 /* Images.xcassets in Resources */ = {isa = PBXBuildFile; fileRef = DF46FA481A9CC3C500298762 /* Images.xcassets */; };
		DF46FA4C1A9CC3C500298762 /* LaunchScreen.xib in Resources */ = {isa = PBXBuildFile; fileRef = DF46FA4A1A9CC3C500298762 /* LaunchScreen.xib */; };
		DF46FA581A9CC3C500298762 /* GroceriesTests.m in Sources */ = {isa = PBXBuildFile; fileRef = DF46FA571A9CC3C500298762 /* GroceriesTests.m */; };
		DF46FA661A9CC69D00298762 /* ListTableViewController.m in Sources */ = {isa = PBXBuildFile; fileRef = DF46FA651A9CC69D00298762 /* ListTableViewController.m */; };
		DF46FA681A9CDB0500298762 /* groceries.json in Resources */ = {isa = PBXBuildFile; fileRef = DF46FA671A9CDB0500298762 /* groceries.json */; };
		DF46FA6B1A9CDEF600298762 /* GroceryItem.m in Sources */ = {isa = PBXBuildFile; fileRef = DF46FA6A1A9CDEF600298762 /* GroceryItem.m */; };
		DF46FA6E1A9D061000298762 /* GroceryItemDetailViewController.m in Sources */ = {isa = PBXBuildFile; fileRef = DF46FA6D1A9D061000298762 /* GroceryItemDetailViewController.m */; };
/* End PBXBuildFile section */

/* Begin PBXContainerItemProxy section */
		DF46FA521A9CC3C500298762 /* PBXContainerItemProxy */ = {
			isa = PBXContainerItemProxy;
			containerPortal = DF46FA301A9CC3C500298762 /* Project object */;
			proxyType = 1;
			remoteGlobalIDString = DF46FA371A9CC3C500298762;
			remoteInfo = Groceries;
		};
/* End PBXContainerItemProxy section */

/* Begin PBXFileReference section */
		DF46FA381A9CC3C500298762 /* Groceries.app */ = {isa = PBXFileReference; explicitFileType = wrapper.application; includeInIndex = 0; path = Groceries.app; sourceTree = BUILT_PRODUCTS_DIR; };
		DF46FA3C1A9CC3C500298762 /* Info.plist */ = {isa = PBXFileReference; lastKnownFileType = text.plist.xml; path = Info.plist; sourceTree = "<group>"; };
		DF46FA3D1A9CC3C500298762 /* main.m */ = {isa = PBXFileReference; lastKnownFileType = sourcecode.c.objc; path = main.m; sourceTree = "<group>"; };
		DF46FA3F1A9CC3C500298762 /* AppDelegate.h */ = {isa = PBXFileReference; lastKnownFileType = sourcecode.c.h; path = AppDelegate.h; sourceTree = "<group>"; };
		DF46FA401A9CC3C500298762 /* AppDelegate.m */ = {isa = PBXFileReference; lastKnownFileType = sourcecode.c.objc; path = AppDelegate.m; sourceTree = "<group>"; };
		DF46FA461A9CC3C500298762 /* Base */ = {isa = PBXFileReference; lastKnownFileType = file.storyboard; name = Base; path = Base.lproj/Main.storyboard; sourceTree = "<group>"; };
		DF46FA481A9CC3C500298762 /* Images.xcassets */ = {isa = PBXFileReference; lastKnownFileType = folder.assetcatalog; path = Images.xcassets; sourceTree = "<group>"; };
		DF46FA4B1A9CC3C500298762 /* Base */ = {isa = PBXFileReference; lastKnownFileType = file.xib; name = Base; path = Base.lproj/LaunchScreen.xib; sourceTree = "<group>"; };
		DF46FA511A9CC3C500298762 /* GroceriesTests.xctest */ = {isa = PBXFileReference; explicitFileType = wrapper.cfbundle; includeInIndex = 0; path = GroceriesTests.xctest; sourceTree = BUILT_PRODUCTS_DIR; };
		DF46FA561A9CC3C500298762 /* Info.plist */ = {isa = PBXFileReference; lastKnownFileType = text.plist.xml; path = Info.plist; sourceTree = "<group>"; };
		DF46FA571A9CC3C500298762 /* GroceriesTests.m */ = {isa = PBXFileReference; lastKnownFileType = sourcecode.c.objc; path = GroceriesTests.m; sourceTree = "<group>"; };
		DF46FA641A9CC69D00298762 /* ListTableViewController.h */ = {isa = PBXFileReference; fileEncoding = 4; lastKnownFileType = sourcecode.c.h; path = ListTableViewController.h; sourceTree = "<group>"; };
		DF46FA651A9CC69D00298762 /* ListTableViewController.m */ = {isa = PBXFileReference; fileEncoding = 4; lastKnownFileType = sourcecode.c.objc; path = ListTableViewController.m; sourceTree = "<group>"; };
		DF46FA671A9CDB0500298762 /* groceries.json */ = {isa = PBXFileReference; fileEncoding = 4; lastKnownFileType = text.json; path = groceries.json; sourceTree = "<group>"; };
		DF46FA691A9CDEF600298762 /* GroceryItem.h */ = {isa = PBXFileReference; fileEncoding = 4; lastKnownFileType = sourcecode.c.h; path = GroceryItem.h; sourceTree = "<group>"; };
		DF46FA6A1A9CDEF600298762 /* GroceryItem.m */ = {isa = PBXFileReference; fileEncoding = 4; lastKnownFileType = sourcecode.c.objc; path = GroceryItem.m; sourceTree = "<group>"; };
		DF46FA6C1A9D061000298762 /* GroceryItemDetailViewController.h */ = {isa = PBXFileReference; fileEncoding = 4; lastKnownFileType = sourcecode.c.h; path = GroceryItemDetailViewController.h; sourceTree = "<group>"; };
		DF46FA6D1A9D061000298762 /* GroceryItemDetailViewController.m */ = {isa = PBXFileReference; fileEncoding = 4; lastKnownFileType = sourcecode.c.objc; path = GroceryItemDetailViewController.m; sourceTree = "<group>"; };
/* End PBXFileReference section */

/* Begin PBXFrameworksBuildPhase section */
		DF46FA351A9CC3C500298762 /* Frameworks */ = {
			isa = PBXFrameworksBuildPhase;
			buildActionMask = 2147483647;
			files = (
			);
			runOnlyForDeploymentPostprocessing = 0;
		};
		DF46FA4E1A9CC3C500298762 /* Frameworks */ = {
			isa = PBXFrameworksBuildPhase;
			buildActionMask = 2147483647;
			files = (
			);
			runOnlyForDeploymentPostprocessing = 0;
		};
/* End PBXFrameworksBuildPhase section */

/* Begin PBXGroup section */
		DF46FA2F1A9CC3C500298762 = {
			isa = PBXGroup;
			children = (
				DF46FA3A1A9CC3C500298762 /* Groceries */,
				DF46FA541A9CC3C500298762 /* GroceriesTests */,
				DF46FA391A9CC3C500298762 /* Products */,
			);
			sourceTree = "<group>";
		};
		DF46FA391A9CC3C500298762 /* Products */ = {
			isa = PBXGroup;
			children = (
				DF46FA381A9CC3C500298762 /* Groceries.app */,
				DF46FA511A9CC3C500298762 /* GroceriesTests.xctest */,
			);
			name = Products;
			sourceTree = "<group>";
		};
		DF46FA3A1A9CC3C500298762 /* Groceries */ = {
			isa = PBXGroup;
			children = (
				DF46FA671A9CDB0500298762 /* groceries.json */,
				DF46FA3F1A9CC3C500298762 /* AppDelegate.h */,
				DF46FA401A9CC3C500298762 /* AppDelegate.m */,
				DF46FA451A9CC3C500298762 /* Main.storyboard */,
				DF46FA481A9CC3C500298762 /* Images.xcassets */,
				DF46FA4A1A9CC3C500298762 /* LaunchScreen.xib */,
				DF46FA3B1A9CC3C500298762 /* Supporting Files */,
				DF46FA6F1A9D062B00298762 /* View Controllers */,
				DF46FA691A9CDEF600298762 /* GroceryItem.h */,
				DF46FA6A1A9CDEF600298762 /* GroceryItem.m */,
			);
			path = Groceries;
			sourceTree = "<group>";
		};
		DF46FA3B1A9CC3C500298762 /* Supporting Files */ = {
			isa = PBXGroup;
			children = (
				DF46FA3C1A9CC3C500298762 /* Info.plist */,
				DF46FA3D1A9CC3C500298762 /* main.m */,
			);
			name = "Supporting Files";
			sourceTree = "<group>";
		};
		DF46FA541A9CC3C500298762 /* GroceriesTests */ = {
			isa = PBXGroup;
			children = (
				DF46FA571A9CC3C500298762 /* GroceriesTests.m */,
				DF46FA551A9CC3C500298762 /* Supporting Files */,
			);
			path = GroceriesTests;
			sourceTree = "<group>";
		};
		DF46FA551A9CC3C500298762 /* Supporting Files */ = {
			isa = PBXGroup;
			children = (
				DF46FA561A9CC3C500298762 /* Info.plist */,
			);
			name = "Supporting Files";
			sourceTree = "<group>";
		};
		DF46FA6F1A9D062B00298762 /* View Controllers */ = {
			isa = PBXGroup;
			children = (
				DF46FA6C1A9D061000298762 /* GroceryItemDetailViewController.h */,
				DF46FA6D1A9D061000298762 /* GroceryItemDetailViewController.m */,
				DF46FA641A9CC69D00298762 /* ListTableViewController.h */,
				DF46FA651A9CC69D00298762 /* ListTableViewController.m */,
			);
			name = "View Controllers";
			sourceTree = "<group>";
		};
/* End PBXGroup section */

/* Begin PBXNativeTarget section */
		DF46FA371A9CC3C500298762 /* Groceries */ = {
			isa = PBXNativeTarget;
			buildConfigurationList = DF46FA5B1A9CC3C500298762 /* Build configuration list for PBXNativeTarget "Groceries" */;
			buildPhases = (
				DF46FA341A9CC3C500298762 /* Sources */,
				DF46FA351A9CC3C500298762 /* Frameworks */,
				DF46FA361A9CC3C500298762 /* Resources */,
			);
			buildRules = (
			);
			dependencies = (
			);
			name = Groceries;
			productName = Groceries;
			productReference = DF46FA381A9CC3C500298762 /* Groceries.app */;
			productType = "com.apple.product-type.application";
		};
		DF46FA501A9CC3C500298762 /* GroceriesTests */ = {
			isa = PBXNativeTarget;
			buildConfigurationList = DF46FA5E1A9CC3C500298762 /* Build configuration list for PBXNativeTarget "GroceriesTests" */;
			buildPhases = (
				DF46FA4D1A9CC3C500298762 /* Sources */,
				DF46FA4E1A9CC3C500298762 /* Frameworks */,
				DF46FA4F1A9CC3C500298762 /* Resources */,
			);
			buildRules = (
			);
			dependencies = (
				DF46FA531A9CC3C500298762 /* PBXTargetDependency */,
			);
			name = GroceriesTests;
			productName = GroceriesTests;
			productReference = DF46FA511A9CC3C500298762 /* GroceriesTests.xctest */;
			productType = "com.apple.product-type.bundle.unit-test";
		};
/* End PBXNativeTarget section */

/* Begin PBXProject section */
		DF46FA301A9CC3C500298762 /* Project object */ = {
			isa = PBXProject;
			attributes = {
				LastUpgradeCheck = 0610;
				ORGANIZATIONNAME = "The Iron Yard";
				TargetAttributes = {
					DF46FA371A9CC3C500298762 = {
						CreatedOnToolsVersion = 6.1.1;
					};
					DF46FA501A9CC3C500298762 = {
						CreatedOnToolsVersion = 6.1.1;
						TestTargetID = DF46FA371A9CC3C500298762;
					};
				};
			};
			buildConfigurationList = DF46FA331A9CC3C500298762 /* Build configuration list for PBXProject "Groceries" */;
			compatibilityVersion = "Xcode 3.2";
			developmentRegion = English;
			hasScannedForEncodings = 0;
			knownRegions = (
				en,
				Base,
			);
			mainGroup = DF46FA2F1A9CC3C500298762;
			productRefGroup = DF46FA391A9CC3C500298762 /* Products */;
			projectDirPath = "";
			projectRoot = "";
			targets = (
				DF46FA371A9CC3C500298762 /* Groceries */,
				DF46FA501A9CC3C500298762 /* GroceriesTests */,
			);
		};
/* End PBXProject section */

/* Begin PBXResourcesBuildPhase section */
		DF46FA361A9CC3C500298762 /* Resources */ = {
			isa = PBXResourcesBuildPhase;
			buildActionMask = 2147483647;
			files = (
				DF46FA471A9CC3C500298762 /* Main.storyboard in Resources */,
				DF46FA681A9CDB0500298762 /* groceries.json in Resources */,
				DF46FA4C1A9CC3C500298762 /* LaunchScreen.xib in Resources */,
				DF46FA491A9CC3C500298762 /* Images.xcassets in Resources */,
			);
			runOnlyForDeploymentPostprocessing = 0;
		};
		DF46FA4F1A9CC3C500298762 /* Resources */ = {
			isa = PBXResourcesBuildPhase;
			buildActionMask = 2147483647;
			files = (
			);
			runOnlyForDeploymentPostprocessing = 0;
		};
/* End PBXResourcesBuildPhase section */

/* Begin PBXSourcesBuildPhase section */
		DF46FA341A9CC3C500298762 /* Sources */ = {
			isa = PBXSourcesBuildPhase;
			buildActionMask = 2147483647;
			files = (
				DF46FA6E1A9D061000298762 /* GroceryItemDetailViewController.m in Sources */,
				DF46FA411A9CC3C500298762 /* AppDelegate.m in Sources */,
				DF46FA3E1A9CC3C500298762 /* main.m in Sources */,
				DF46FA6B1A9CDEF600298762 /* GroceryItem.m in Sources */,
				DF46FA661A9CC69D00298762 /* ListTableViewController.m in Sources */,
			);
			runOnlyForDeploymentPostprocessing = 0;
		};
		DF46FA4D1A9CC3C500298762 /* Sources */ = {
			isa = PBXSourcesBuildPhase;
			buildActionMask = 2147483647;
			files = (
				DF46FA581A9CC3C500298762 /* GroceriesTests.m in Sources */,
			);
			runOnlyForDeploymentPostprocessing = 0;
		};
/* End PBXSourcesBuildPhase section */

/* Begin PBXTargetDependency section */
		DF46FA531A9CC3C500298762 /* PBXTargetDependency */ = {
			isa = PBXTargetDependency;
			target = DF46FA371A9CC3C500298762 /* Groceries */;
			targetProxy = DF46FA521A9CC3C500298762 /* PBXContainerItemProxy */;
		};
/* End PBXTargetDependency section */

/* Begin PBXVariantGroup section */
		DF46FA451A9CC3C500298762 /* Main.storyboard */ = {
			isa = PBXVariantGroup;
			children = (
				DF46FA461A9CC3C500298762 /* Base */,
			);
			name = Main.storyboard;
			sourceTree = "<group>";
		};
		DF46FA4A1A9CC3C500298762 /* LaunchScreen.xib */ = {
			isa = PBXVariantGroup;
			children = (
				DF46FA4B1A9CC3C500298762 /* Base */,
			);
			name = LaunchScreen.xib;
			sourceTree = "<group>";
		};
/* End PBXVariantGroup section */

/* Begin XCBuildConfiguration section */
		DF46FA591A9CC3C500298762 /* Debug */ = {
			isa = XCBuildConfiguration;
			buildSettings = {
				ALWAYS_SEARCH_USER_PATHS = NO;
				CLANG_CXX_LANGUAGE_STANDARD = "gnu++0x";
				CLANG_CXX_LIBRARY = "libc++";
				CLANG_ENABLE_MODULES = YES;
				CLANG_ENABLE_OBJC_ARC = YES;
				CLANG_WARN_BOOL_CONVERSION = YES;
				CLANG_WARN_CONSTANT_CONVERSION = YES;
				CLANG_WARN_DIRECT_OBJC_ISA_USAGE = YES_ERROR;
				CLANG_WARN_EMPTY_BODY = YES;
				CLANG_WARN_ENUM_CONVERSION = YES;
				CLANG_WARN_INT_CONVERSION = YES;
				CLANG_WARN_OBJC_ROOT_CLASS = YES_ERROR;
				CLANG_WARN_UNREACHABLE_CODE = YES;
				CLANG_WARN__DUPLICATE_METHOD_MATCH = YES;
				"CODE_SIGN_IDENTITY[sdk=iphoneos*]" = "iPhone Developer";
				COPY_PHASE_STRIP = NO;
				ENABLE_STRICT_OBJC_MSGSEND = YES;
				GCC_C_LANGUAGE_STANDARD = gnu99;
				GCC_DYNAMIC_NO_PIC = NO;
				GCC_OPTIMIZATION_LEVEL = 0;
				GCC_PREPROCESSOR_DEFINITIONS = (
					"DEBUG=1",
					"$(inherited)",
				);
				GCC_SYMBOLS_PRIVATE_EXTERN = NO;
				GCC_WARN_64_TO_32_BIT_CONVERSION = YES;
				GCC_WARN_ABOUT_RETURN_TYPE = YES_ERROR;
				GCC_WARN_UNDECLARED_SELECTOR = YES;
				GCC_WARN_UNINITIALIZED_AUTOS = YES_AGGRESSIVE;
				GCC_WARN_UNUSED_FUNCTION = YES;
				GCC_WARN_UNUSED_VARIABLE = YES;
				IPHONEOS_DEPLOYMENT_TARGET = 8.1;
				MTL_ENABLE_DEBUG_INFO = YES;
				ONLY_ACTIVE_ARCH = YES;
				SDKROOT = iphoneos;
			};
			name = Debug;
		};
		DF46FA5A1A9CC3C500298762 /* Release */ = {
			isa = XCBuildConfiguration;
			buildSettings = {
				ALWAYS_SEARCH_USER_PATHS = NO;
				CLANG_CXX_LANGUAGE_STANDARD = "gnu++0x";
				CLANG_CXX_LIBRARY = "libc++";
				CLANG_ENABLE_MODULES = YES;
				CLANG_ENABLE_OBJC_ARC = YES;
				CLANG_WARN_BOOL_CONVERSION = YES;
				CLANG_WARN_CONSTANT_CONVERSION = YES;
				CLANG_WARN_DIRECT_OBJC_ISA_USAGE = YES_ERROR;
				CLANG_WARN_EMPTY_BODY = YES;
				CLANG_WARN_ENUM_CONVERSION = YES;
				CLANG_WARN_INT_CONVERSION = YES;
				CLANG_WARN_OBJC_ROOT_CLASS = YES_ERROR;
				CLANG_WARN_UNREACHABLE_CODE = YES;
				CLANG_WARN__DUPLICATE_METHOD_MATCH = YES;
				"CODE_SIGN_IDENTITY[sdk=iphoneos*]" = "iPhone Developer";
				COPY_PHASE_STRIP = YES;
				ENABLE_NS_ASSERTIONS = NO;
				ENABLE_STRICT_OBJC_MSGSEND = YES;
				GCC_C_LANGUAGE_STANDARD = gnu99;
				GCC_WARN_64_TO_32_BIT_CONVERSION = YES;
				GCC_WARN_ABOUT_RETURN_TYPE = YES_ERROR;
				GCC_WARN_UNDECLARED_SELECTOR = YES;
				GCC_WARN_UNINITIALIZED_AUTOS = YES_AGGRESSIVE;
				GCC_WARN_UNUSED_FUNCTION = YES;
				GCC_WARN_UNUSED_VARIABLE = YES;
				IPHONEOS_DEPLOYMENT_TARGET = 8.1;
				MTL_ENABLE_DEBUG_INFO = NO;
				SDKROOT = iphoneos;
				VALIDATE_PRODUCT = YES;
			};
			name = Release;
		};
		DF46FA5C1A9CC3C500298762 /* Debug */ = {
			isa = XCBuildConfiguration;
			buildSettings = {
				ASSETCATALOG_COMPILER_APPICON_NAME = AppIcon;
				INFOPLIST_FILE = Groceries/Info.plist;
				LD_RUNPATH_SEARCH_PATHS = "$(inherited) @executable_path/Frameworks";
				PRODUCT_NAME = "$(TARGET_NAME)";
			};
			name = Debug;
		};
		DF46FA5D1A9CC3C500298762 /* Release */ = {
			isa = XCBuildConfiguration;
			buildSettings = {
				ASSETCATALOG_COMPILER_APPICON_NAME = AppIcon;
				INFOPLIST_FILE = Groceries/Info.plist;
				LD_RUNPATH_SEARCH_PATHS = "$(inherited) @executable_path/Frameworks";
				PRODUCT_NAME = "$(TARGET_NAME)";
			};
			name = Release;
		};
		DF46FA5F1A9CC3C500298762 /* Debug */ = {
			isa = XCBuildConfiguration;
			buildSettings = {
				BUNDLE_LOADER = "$(TEST_HOST)";
				FRAMEWORK_SEARCH_PATHS = (
					"$(SDKROOT)/Developer/Library/Frameworks",
					"$(inherited)",
				);
				GCC_PREPROCESSOR_DEFINITIONS = (
					"DEBUG=1",
					"$(inherited)",
				);
				INFOPLIST_FILE = GroceriesTests/Info.plist;
				LD_RUNPATH_SEARCH_PATHS = "$(inherited) @executable_path/Frameworks @loader_path/Frameworks";
				PRODUCT_NAME = "$(TARGET_NAME)";
				TEST_HOST = "$(BUILT_PRODUCTS_DIR)/Groceries.app/Groceries";
			};
			name = Debug;
		};
		DF46FA601A9CC3C500298762 /* Release */ = {
			isa = XCBuildConfiguration;
			buildSettings = {
				BUNDLE_LOADER = "$(TEST_HOST)";
				FRAMEWORK_SEARCH_PATHS = (
					"$(SDKROOT)/Developer/Library/Frameworks",
					"$(inherited)",
				);
				INFOPLIST_FILE = GroceriesTests/Info.plist;
				LD_RUNPATH_SEARCH_PATHS = "$(inherited) @executable_path/Frameworks @loader_path/Frameworks";
				PRODUCT_NAME = "$(TARGET_NAME)";
				TEST_HOST = "$(BUILT_PRODUCTS_DIR)/Groceries.app/Groceries";
			};
			name = Release;
		};
/* End XCBuildConfiguration section */

/* Begin XCConfigurationList section */
		DF46FA331A9CC3C500298762 /* Build configuration list for PBXProject "Groceries" */ = {
			isa = XCConfigurationList;
			buildConfigurations = (
				DF46FA591A9CC3C500298762 /* Debug */,
				DF46FA5A1A9CC3C500298762 /* Release */,
			);
			defaultConfigurationIsVisible = 0;
			defaultConfigurationName = Release;
		};
		DF46FA5B1A9CC3C500298762 /* Build configuration list for PBXNativeTarget "Groceries" */ = {
			isa = XCConfigurationList;
			buildConfigurations = (
				DF46FA5C1A9CC3C500298762 /* Debug */,
				DF46FA5D1A9CC3C500298762 /* Release */,
			);
			defaultConfigurationIsVisible = 0;
		};
		DF46FA5E1A9CC3C500298762 /* Build configuration list for PBXNativeTarget "GroceriesTests" */ = {
			isa = XCConfigurationList;
			buildConfigurations = (
				DF46FA5F1A9CC3C500298762 /* Debug */,
				DF46FA601A9CC3C500298762 /* Release */,
			);
			defaultConfigurationIsVisible = 0;
		};
/* End XCConfigurationList section */
	};
	rootObject = DF46FA301A9CC3C500298762 /* Project object */;
}
